
Microsoft Visual Studio Solution File, Format Version 12.00
# Visual Studio 15
VisualStudioVersion = 15.0.26430.14
MinimumVisualStudioVersion = 10.0.40219.1
Project("{9A19103F-16F7-4668-BE54-9A1E7A4F7556}") = "Example.Domain", "Example.Domain\Example.Domain.csproj", "{297B333D-19D9-4099-80AF-9CD42B39DB4F}"
EndProject
Project("{9A19103F-16F7-4668-BE54-9A1E7A4F7556}") = "Example.Application", "Example.Service\Example.Application.csproj", "{3FB98F2E-D5A7-4B4C-9BF5-D4ECEC319438}"
EndProject
Project("{9A19103F-16F7-4668-BE54-9A1E7A4F7556}") = "Example.PlayGround", "Example.PlayGround\Example.PlayGround.csproj", "{2BC733D2-9ADD-44D6-8F09-62085C583031}"
EndProject
Project("{9A19103F-16F7-4668-BE54-9A1E7A4F7556}") = "Example.Repository", "Example.Repository\Example.Repository.csproj", "{34CB14CA-4438-452F-B61D-CE807CAB55C6}"
EndProject
Global
	GlobalSection(SolutionConfigurationPlatforms) = preSolution
		Debug|Any CPU = Debug|Any CPU
		Release|Any CPU = Release|Any CPU
	EndGlobalSection
	GlobalSection(ProjectConfigurationPlatforms) = postSolution
		{297B333D-19D9-4099-80AF-9CD42B39DB4F}.Debug|Any CPU.ActiveCfg = Debug|Any CPU
		{297B333D-19D9-4099-80AF-9CD42B39DB4F}.Debug|Any CPU.Build.0 = Debug|Any CPU
		{297B333D-19D9-4099-80AF-9CD42B39DB4F}.Release|Any CPU.ActiveCfg = Release|Any CPU
		{297B333D-19D9-4099-80AF-9CD42B39DB4F}.Release|Any CPU.Build.0 = Release|Any CPU
		{3FB98F2E-D5A7-4B4C-9BF5-D4ECEC319438}.Debug|Any CPU.ActiveCfg = Debug|Any CPU
		{3FB98F2E-D5A7-4B4C-9BF5-D4ECEC319438}.Debug|Any CPU.Build.0 = Debug|Any CPU
		{3FB98F2E-D5A7-4B4C-9BF5-D4ECEC319438}.Release|Any CPU.ActiveCfg = Release|Any CPU
		{3FB98F2E-D5A7-4B4C-9BF5-D4ECEC319438}.Release|Any CPU.Build.0 = Release|Any CPU
		{2BC733D2-9ADD-44D6-8F09-62085C583031}.Debug|Any CPU.ActiveCfg = Debug|Any CPU
		{2BC733D2-9ADD-44D6-8F09-62085C583031}.Debug|Any CPU.Build.0 = Debug|Any CPU
		{2BC733D2-9ADD-44D6-8F09-62085C583031}.Release|Any CPU.ActiveCfg = Release|Any CPU
		{2BC733D2-9ADD-44D6-8F09-62085C583031}.Release|Any CPU.Build.0 = Release|Any CPU
		{34CB14CA-4438-452F-B61D-CE807CAB55C6}.Debug|Any CPU.ActiveCfg = Debug|Any CPU
		{34CB14CA-4438-452F-B61D-CE807CAB55C6}.Debug|Any CPU.Build.0 = Debug|Any CPU
		{34CB14CA-4438-452F-B61D-CE807CAB55C6}.Release|Any CPU.ActiveCfg = Release|Any CPU
		{34CB14CA-4438-452F-B61D-CE807CAB55C6}.Release|Any CPU.Build.0 = Release|Any CPU
	EndGlobalSection
	GlobalSection(SolutionProperties) = preSolution
		HideSolutionNode = FALSE
	EndGlobalSection
EndGlobal
